
Microsoft Visual Studio Solution File, Format Version 12.00
# Visual Studio Version 17
VisualStudioVersion = 17.5.002.0
MinimumVisualStudioVersion = 10.0.40219.1
Project("{9A19103F-16F7-4668-BE54-9A1E7A4F7556}") = "Universite", "Universite.csproj", "{C755394F-0D80-4555-A3E8-E5DF0EC240AF}"
EndProject
Global
	GlobalSection(SolutionConfigurationPlatforms) = preSolution
		Debug|Any CPU = Debug|Any CPU
		Release|Any CPU = Release|Any CPU
	EndGlobalSection
	GlobalSection(ProjectConfigurationPlatforms) = postSolution
		{C755394F-0D80-4555-A3E8-E5DF0EC240AF}.Debug|Any CPU.ActiveCfg = Debug|Any CPU
		{C755394F-0D80-4555-A3E8-E5DF0EC240AF}.Debug|Any CPU.Build.0 = Debug|Any CPU
		{C755394F-0D80-4555-A3E8-E5DF0EC240AF}.Release|Any CPU.ActiveCfg = Release|Any CPU
		{C755394F-0D80-4555-A3E8-E5DF0EC240AF}.Release|Any CPU.Build.0 = Release|Any CPU
	EndGlobalSection
	GlobalSection(SolutionProperties) = preSolution
		HideSolutionNode = FALSE
	EndGlobalSection
	GlobalSection(ExtensibilityGlobals) = postSolution
		SolutionGuid = {5F5C9572-3168-413B-B803-9F7B7F9800C1}
	EndGlobalSection
EndGlobal
